
Microsoft Visual Studio Solution File, Format Version 12.00
# Visual Studio 15
VisualStudioVersion = 15.0.26430.16
MinimumVisualStudioVersion = 10.0.40219.1
Project("{FAE04EC0-301F-11D3-BF4B-00C04F79EFBC}") = "MonoRpg", "MonoRpg\MonoRpg.csproj", "{1014E3FC-219E-4A56-BBE7-3AC4F173B7CE}"
EndProject
Project("{FAE04EC0-301F-11D3-BF4B-00C04F79EFBC}") = "MonoRpg.Engine", "MonoRpg.Engine\MonoRpg.Engine.csproj", "{F1BBAC31-3F0D-4165-A5A5-987B0A259F54}"
EndProject
Global
	GlobalSection(SolutionConfigurationPlatforms) = preSolution
		Debug|Any CPU = Debug|Any CPU
		Debug|x86 = Debug|x86
		Release|Any CPU = Release|Any CPU
		Release|x86 = Release|x86
	EndGlobalSection
	GlobalSection(ProjectConfigurationPlatforms) = postSolution
		{1014E3FC-219E-4A56-BBE7-3AC4F173B7CE}.Debug|Any CPU.ActiveCfg = Debug|x86
		{1014E3FC-219E-4A56-BBE7-3AC4F173B7CE}.Debug|x86.ActiveCfg = Debug|x86
		{1014E3FC-219E-4A56-BBE7-3AC4F173B7CE}.Debug|x86.Build.0 = Debug|x86
		{1014E3FC-219E-4A56-BBE7-3AC4F173B7CE}.Release|Any CPU.ActiveCfg = Release|x86
		{1014E3FC-219E-4A56-BBE7-3AC4F173B7CE}.Release|x86.ActiveCfg = Release|x86
		{1014E3FC-219E-4A56-BBE7-3AC4F173B7CE}.Release|x86.Build.0 = Release|x86
		{F1BBAC31-3F0D-4165-A5A5-987B0A259F54}.Debug|Any CPU.ActiveCfg = Debug|Any CPU
		{F1BBAC31-3F0D-4165-A5A5-987B0A259F54}.Debug|Any CPU.Build.0 = Debug|Any CPU
		{F1BBAC31-3F0D-4165-A5A5-987B0A259F54}.Debug|x86.ActiveCfg = Debug|Any CPU
		{F1BBAC31-3F0D-4165-A5A5-987B0A259F54}.Debug|x86.Build.0 = Debug|Any CPU
		{F1BBAC31-3F0D-4165-A5A5-987B0A259F54}.Release|Any CPU.ActiveCfg = Release|Any CPU
		{F1BBAC31-3F0D-4165-A5A5-987B0A259F54}.Release|Any CPU.Build.0 = Release|Any CPU
		{F1BBAC31-3F0D-4165-A5A5-987B0A259F54}.Release|x86.ActiveCfg = Release|Any CPU
		{F1BBAC31-3F0D-4165-A5A5-987B0A259F54}.Release|x86.Build.0 = Release|Any CPU
	EndGlobalSection
	GlobalSection(SolutionProperties) = preSolution
		HideSolutionNode = FALSE
	EndGlobalSection
EndGlobal
